// !$*UTF8*$!
{
	archiveVersion = 1;
	classes = {
	};
	objectVersion = 56;
	objects = {

/* Begin PBXBuildFile section */
		114B29B829828E2600BA5455 /* OnboardingCollectionViewCell.swift in Sources */ = {isa = PBXBuildFile; fileRef = 114B29B629828E2600BA5455 /* OnboardingCollectionViewCell.swift */; };
		114B29B929828E2600BA5455 /* OnboardingCollectionViewCell.xib in Resources */ = {isa = PBXBuildFile; fileRef = 114B29B729828E2600BA5455 /* OnboardingCollectionViewCell.xib */; };
		114B29BD2982A5E200BA5455 /* LoginViewController.swift in Sources */ = {isa = PBXBuildFile; fileRef = 114B29BB2982A5E200BA5455 /* LoginViewController.swift */; };
		114B29BE2982A5E200BA5455 /* LoginViewController.xib in Resources */ = {isa = PBXBuildFile; fileRef = 114B29BC2982A5E200BA5455 /* LoginViewController.xib */; };
		114B29C12982A60000BA5455 /* RegistrationViewController.swift in Sources */ = {isa = PBXBuildFile; fileRef = 114B29BF2982A60000BA5455 /* RegistrationViewController.swift */; };
		114B29C22982A60000BA5455 /* RegistrationViewController.xib in Resources */ = {isa = PBXBuildFile; fileRef = 114B29C02982A60000BA5455 /* RegistrationViewController.xib */; };
		119C84B8298269E3007A0703 /* OnboardingViewController.swift in Sources */ = {isa = PBXBuildFile; fileRef = 119C84B6298269E3007A0703 /* OnboardingViewController.swift */; };
		119C84B9298269E3007A0703 /* OnboardingViewController.xib in Resources */ = {isa = PBXBuildFile; fileRef = 119C84B7298269E3007A0703 /* OnboardingViewController.xib */; };
		119C84BB29826D44007A0703 /* Rubik-VariableFont_wght.ttf in Resources */ = {isa = PBXBuildFile; fileRef = 119C84BA29826D44007A0703 /* Rubik-VariableFont_wght.ttf */; };
		119C84BE29827C35007A0703 /* OnboardingSlide.swift in Sources */ = {isa = PBXBuildFile; fileRef = 119C84BD29827C35007A0703 /* OnboardingSlide.swift */; };
		11B1C78C2987CD570065958D /* HomeViewController.swift in Sources */ = {isa = PBXBuildFile; fileRef = 11B1C78A2987CD570065958D /* HomeViewController.swift */; };
		11B1C78D2987CD570065958D /* HomeViewController.xib in Resources */ = {isa = PBXBuildFile; fileRef = 11B1C78B2987CD570065958D /* HomeViewController.xib */; };
		11EDDEA2298147FE00022A3D /* AppDelegate.swift in Sources */ = {isa = PBXBuildFile; fileRef = 11EDDEA1298147FE00022A3D /* AppDelegate.swift */; };
		11EDDEA4298147FE00022A3D /* SceneDelegate.swift in Sources */ = {isa = PBXBuildFile; fileRef = 11EDDEA3298147FE00022A3D /* SceneDelegate.swift */; };
		11EDDEAB2981480000022A3D /* Assets.xcassets in Resources */ = {isa = PBXBuildFile; fileRef = 11EDDEAA2981480000022A3D /* Assets.xcassets */; };
		11EDDEAE2981480000022A3D /* LaunchScreen.storyboard in Resources */ = {isa = PBXBuildFile; fileRef = 11EDDEAC2981480000022A3D /* LaunchScreen.storyboard */; };
/* End PBXBuildFile section */

/* Begin PBXFileReference section */
		114B29B629828E2600BA5455 /* OnboardingCollectionViewCell.swift */ = {isa = PBXFileReference; lastKnownFileType = sourcecode.swift; path = OnboardingCollectionViewCell.swift; sourceTree = "<group>"; };
		114B29B729828E2600BA5455 /* OnboardingCollectionViewCell.xib */ = {isa = PBXFileReference; lastKnownFileType = file.xib; path = OnboardingCollectionViewCell.xib; sourceTree = "<group>"; };
		114B29BB2982A5E200BA5455 /* LoginViewController.swift */ = {isa = PBXFileReference; lastKnownFileType = sourcecode.swift; path = LoginViewController.swift; sourceTree = "<group>"; };
		114B29BC2982A5E200BA5455 /* LoginViewController.xib */ = {isa = PBXFileReference; lastKnownFileType = file.xib; path = LoginViewController.xib; sourceTree = "<group>"; };
		114B29BF2982A60000BA5455 /* RegistrationViewController.swift */ = {isa = PBXFileReference; lastKnownFileType = sourcecode.swift; path = RegistrationViewController.swift; sourceTree = "<group>"; };
		114B29C02982A60000BA5455 /* RegistrationViewController.xib */ = {isa = PBXFileReference; lastKnownFileType = file.xib; path = RegistrationViewController.xib; sourceTree = "<group>"; };
		119C84B6298269E3007A0703 /* OnboardingViewController.swift */ = {isa = PBXFileReference; lastKnownFileType = sourcecode.swift; path = OnboardingViewController.swift; sourceTree = "<group>"; };
		119C84B7298269E3007A0703 /* OnboardingViewController.xib */ = {isa = PBXFileReference; lastKnownFileType = file.xib; path = OnboardingViewController.xib; sourceTree = "<group>"; };
		119C84BA29826D44007A0703 /* Rubik-VariableFont_wght.ttf */ = {isa = PBXFileReference; lastKnownFileType = file; name = "Rubik-VariableFont_wght.ttf"; path = "assets/Rubik-VariableFont_wght.ttf"; sourceTree = SOURCE_ROOT; };
		119C84BD29827C35007A0703 /* OnboardingSlide.swift */ = {isa = PBXFileReference; lastKnownFileType = sourcecode.swift; path = OnboardingSlide.swift; sourceTree = "<group>"; };
		11B1C78A2987CD570065958D /* HomeViewController.swift */ = {isa = PBXFileReference; lastKnownFileType = sourcecode.swift; path = HomeViewController.swift; sourceTree = "<group>"; };
		11B1C78B2987CD570065958D /* HomeViewController.xib */ = {isa = PBXFileReference; lastKnownFileType = file.xib; path = HomeViewController.xib; sourceTree = "<group>"; };
		11EDDE9E298147FE00022A3D /* Quezzy.app */ = {isa = PBXFileReference; explicitFileType = wrapper.application; includeInIndex = 0; path = Quezzy.app; sourceTree = BUILT_PRODUCTS_DIR; };
		11EDDEA1298147FE00022A3D /* AppDelegate.swift */ = {isa = PBXFileReference; lastKnownFileType = sourcecode.swift; path = AppDelegate.swift; sourceTree = "<group>"; };
		11EDDEA3298147FE00022A3D /* SceneDelegate.swift */ = {isa = PBXFileReference; lastKnownFileType = sourcecode.swift; path = SceneDelegate.swift; sourceTree = "<group>"; };
		11EDDEAA2981480000022A3D /* Assets.xcassets */ = {isa = PBXFileReference; lastKnownFileType = folder.assetcatalog; path = Assets.xcassets; sourceTree = "<group>"; };
		11EDDEAD2981480000022A3D /* Base */ = {isa = PBXFileReference; lastKnownFileType = file.storyboard; name = Base; path = Base.lproj/LaunchScreen.storyboard; sourceTree = "<group>"; };
		11EDDEAF2981480000022A3D /* Info.plist */ = {isa = PBXFileReference; lastKnownFileType = text.plist.xml; path = Info.plist; sourceTree = "<group>"; };
/* End PBXFileReference section */

/* Begin PBXFrameworksBuildPhase section */
		11EDDE9B298147FE00022A3D /* Frameworks */ = {
			isa = PBXFrameworksBuildPhase;
			buildActionMask = 2147483647;
			files = (
			);
			runOnlyForDeploymentPostprocessing = 0;
		};
/* End PBXFrameworksBuildPhase section */

/* Begin PBXGroup section */
		114B29BA2982A57F00BA5455 /* Login */ = {
			isa = PBXGroup;
			children = (
				114B29BB2982A5E200BA5455 /* LoginViewController.swift */,
				114B29BC2982A5E200BA5455 /* LoginViewController.xib */,
			);
			path = Login;
			sourceTree = "<group>";
		};
		114B29C42982A61400BA5455 /* Registration */ = {
			isa = PBXGroup;
			children = (
				114B29BF2982A60000BA5455 /* RegistrationViewController.swift */,
				114B29C02982A60000BA5455 /* RegistrationViewController.xib */,
			);
			path = Registration;
			sourceTree = "<group>";
		};
		119C84B4298269A6007A0703 /* Scenes */ = {
			isa = PBXGroup;
			children = (
				11B1C78E2987CD5F0065958D /* Home */,
				119C84B5298269AC007A0703 /* Onboarding */,
				114B29C42982A61400BA5455 /* Registration */,
				114B29BA2982A57F00BA5455 /* Login */,
			);
			path = Scenes;
			sourceTree = "<group>";
		};
		119C84B5298269AC007A0703 /* Onboarding */ = {
			isa = PBXGroup;
			children = (
				119C84C129828DB6007A0703 /* OnboardingCell */,
				119C84B6298269E3007A0703 /* OnboardingViewController.swift */,
				119C84B7298269E3007A0703 /* OnboardingViewController.xib */,
			);
			path = Onboarding;
			sourceTree = "<group>";
		};
		119C84BC29827C22007A0703 /* Models */ = {
			isa = PBXGroup;
			children = (
				119C84BD29827C35007A0703 /* OnboardingSlide.swift */,
			);
			path = Models;
			sourceTree = "<group>";
		};
		119C84C129828DB6007A0703 /* OnboardingCell */ = {
			isa = PBXGroup;
			children = (
				114B29B629828E2600BA5455 /* OnboardingCollectionViewCell.swift */,
				114B29B729828E2600BA5455 /* OnboardingCollectionViewCell.xib */,
			);
			path = OnboardingCell;
			sourceTree = "<group>";
		};
		11B1C78E2987CD5F0065958D /* Home */ = {
			isa = PBXGroup;
			children = (
				11B1C78A2987CD570065958D /* HomeViewController.swift */,
				11B1C78B2987CD570065958D /* HomeViewController.xib */,
			);
			path = Home;
			sourceTree = "<group>";
		};
		11EDDE95298147FE00022A3D = {
			isa = PBXGroup;
			children = (
				11EDDEA0298147FE00022A3D /* Quezzy */,
				11EDDE9F298147FE00022A3D /* Products */,
			);
			sourceTree = "<group>";
		};
		11EDDE9F298147FE00022A3D /* Products */ = {
			isa = PBXGroup;
			children = (
				11EDDE9E298147FE00022A3D /* Quezzy.app */,
			);
			name = Products;
			sourceTree = "<group>";
		};
		11EDDEA0298147FE00022A3D /* Quezzy */ = {
			isa = PBXGroup;
			children = (
				119C84BC29827C22007A0703 /* Models */,
				119C84B4298269A6007A0703 /* Scenes */,
				11EDDEA1298147FE00022A3D /* AppDelegate.swift */,
				11EDDEA3298147FE00022A3D /* SceneDelegate.swift */,
				11EDDEAA2981480000022A3D /* Assets.xcassets */,
				11EDDEAC2981480000022A3D /* LaunchScreen.storyboard */,
				11EDDEAF2981480000022A3D /* Info.plist */,
				119C84BA29826D44007A0703 /* Rubik-VariableFont_wght.ttf */,
			);
			path = Quezzy;
			sourceTree = "<group>";
		};
/* End PBXGroup section */

/* Begin PBXNativeTarget section */
		11EDDE9D298147FE00022A3D /* Quezzy */ = {
			isa = PBXNativeTarget;
			buildConfigurationList = 11EDDEB22981480000022A3D /* Build configuration list for PBXNativeTarget "Quezzy" */;
			buildPhases = (
				11EDDE9A298147FE00022A3D /* Sources */,
				11EDDE9B298147FE00022A3D /* Frameworks */,
				11EDDE9C298147FE00022A3D /* Resources */,
			);
			buildRules = (
			);
			dependencies = (
			);
			name = Quezzy;
			productName = Quezzy;
			productReference = 11EDDE9E298147FE00022A3D /* Quezzy.app */;
			productType = "com.apple.product-type.application";
		};
/* End PBXNativeTarget section */

/* Begin PBXProject section */
		11EDDE96298147FE00022A3D /* Project object */ = {
			isa = PBXProject;
			attributes = {
				BuildIndependentTargetsInParallel = 1;
				LastSwiftUpdateCheck = 1400;
				LastUpgradeCheck = 1400;
				TargetAttributes = {
					11EDDE9D298147FE00022A3D = {
						CreatedOnToolsVersion = 14.0.1;
					};
				};
			};
			buildConfigurationList = 11EDDE99298147FE00022A3D /* Build configuration list for PBXProject "Quezzy" */;
			compatibilityVersion = "Xcode 14.0";
			developmentRegion = en;
			hasScannedForEncodings = 0;
			knownRegions = (
				en,
				Base,
			);
			mainGroup = 11EDDE95298147FE00022A3D;
			productRefGroup = 11EDDE9F298147FE00022A3D /* Products */;
			projectDirPath = "";
			projectRoot = "";
			targets = (
				11EDDE9D298147FE00022A3D /* Quezzy */,
			);
		};
/* End PBXProject section */

/* Begin PBXResourcesBuildPhase section */
		11EDDE9C298147FE00022A3D /* Resources */ = {
			isa = PBXResourcesBuildPhase;
			buildActionMask = 2147483647;
			files = (
				11EDDEAE2981480000022A3D /* LaunchScreen.storyboard in Resources */,
				11EDDEAB2981480000022A3D /* Assets.xcassets in Resources */,
				114B29BE2982A5E200BA5455 /* LoginViewController.xib in Resources */,
				119C84B9298269E3007A0703 /* OnboardingViewController.xib in Resources */,
				119C84BB29826D44007A0703 /* Rubik-VariableFont_wght.ttf in Resources */,
				114B29C22982A60000BA5455 /* RegistrationViewController.xib in Resources */,
				114B29B929828E2600BA5455 /* OnboardingCollectionViewCell.xib in Resources */,
				11B1C78D2987CD570065958D /* HomeViewController.xib in Resources */,
			);
			runOnlyForDeploymentPostprocessing = 0;
		};
/* End PBXResourcesBuildPhase section */

/* Begin PBXSourcesBuildPhase section */
		11EDDE9A298147FE00022A3D /* Sources */ = {
			isa = PBXSourcesBuildPhase;
			buildActionMask = 2147483647;
			files = (
				114B29BD2982A5E200BA5455 /* LoginViewController.swift in Sources */,
				119C84BE29827C35007A0703 /* OnboardingSlide.swift in Sources */,
				11EDDEA2298147FE00022A3D /* AppDelegate.swift in Sources */,
				11B1C78C2987CD570065958D /* HomeViewController.swift in Sources */,
				114B29B829828E2600BA5455 /* OnboardingCollectionViewCell.swift in Sources */,
				114B29C12982A60000BA5455 /* RegistrationViewController.swift in Sources */,
				119C84B8298269E3007A0703 /* OnboardingViewController.swift in Sources */,
				11EDDEA4298147FE00022A3D /* SceneDelegate.swift in Sources */,
			);
			runOnlyForDeploymentPostprocessing = 0;
		};
/* End PBXSourcesBuildPhase section */

/* Begin PBXVariantGroup section */
		11EDDEAC2981480000022A3D /* LaunchScreen.storyboard */ = {
			isa = PBXVariantGroup;
			children = (
				11EDDEAD2981480000022A3D /* Base */,
			);
			name = LaunchScreen.storyboard;
			sourceTree = "<group>";
		};
/* End PBXVariantGroup section */

/* Begin XCBuildConfiguration section */
		11EDDEB02981480000022A3D /* Debug */ = {
			isa = XCBuildConfiguration;
			buildSettings = {
				ALWAYS_SEARCH_USER_PATHS = NO;
				CLANG_ANALYZER_NONNULL = YES;
				CLANG_ANALYZER_NUMBER_OBJECT_CONVERSION = YES_AGGRESSIVE;
				CLANG_CXX_LANGUAGE_STANDARD = "gnu++20";
				CLANG_ENABLE_MODULES = YES;
				CLANG_ENABLE_OBJC_ARC = YES;
				CLANG_ENABLE_OBJC_WEAK = YES;
				CLANG_WARN_BLOCK_CAPTURE_AUTORELEASING = YES;
				CLANG_WARN_BOOL_CONVERSION = YES;
				CLANG_WARN_COMMA = YES;
				CLANG_WARN_CONSTANT_CONVERSION = YES;
				CLANG_WARN_DEPRECATED_OBJC_IMPLEMENTATIONS = YES;
				CLANG_WARN_DIRECT_OBJC_ISA_USAGE = YES_ERROR;
				CLANG_WARN_DOCUMENTATION_COMMENTS = YES;
				CLANG_WARN_EMPTY_BODY = YES;
				CLANG_WARN_ENUM_CONVERSION = YES;
				CLANG_WARN_INFINITE_RECURSION = YES;
				CLANG_WARN_INT_CONVERSION = YES;
				CLANG_WARN_NON_LITERAL_NULL_CONVERSION = YES;
				CLANG_WARN_OBJC_IMPLICIT_RETAIN_SELF = YES;
				CLANG_WARN_OBJC_LITERAL_CONVERSION = YES;
				CLANG_WARN_OBJC_ROOT_CLASS = YES_ERROR;
				CLANG_WARN_QUOTED_INCLUDE_IN_FRAMEWORK_HEADER = YES;
				CLANG_WARN_RANGE_LOOP_ANALYSIS = YES;
				CLANG_WARN_STRICT_PROTOTYPES = YES;
				CLANG_WARN_SUSPICIOUS_MOVE = YES;
				CLANG_WARN_UNGUARDED_AVAILABILITY = YES_AGGRESSIVE;
				CLANG_WARN_UNREACHABLE_CODE = YES;
				CLANG_WARN__DUPLICATE_METHOD_MATCH = YES;
				COPY_PHASE_STRIP = NO;
				DEBUG_INFORMATION_FORMAT = dwarf;
				ENABLE_STRICT_OBJC_MSGSEND = YES;
				ENABLE_TESTABILITY = YES;
				GCC_C_LANGUAGE_STANDARD = gnu11;
				GCC_DYNAMIC_NO_PIC = NO;
				GCC_NO_COMMON_BLOCKS = YES;
				GCC_OPTIMIZATION_LEVEL = 0;
				GCC_PREPROCESSOR_DEFINITIONS = (
					"DEBUG=1",
					"$(inherited)",
				);
				GCC_WARN_64_TO_32_BIT_CONVERSION = YES;
				GCC_WARN_ABOUT_RETURN_TYPE = YES_ERROR;
				GCC_WARN_UNDECLARED_SELECTOR = YES;
				GCC_WARN_UNINITIALIZED_AUTOS = YES_AGGRESSIVE;
				GCC_WARN_UNUSED_FUNCTION = YES;
				GCC_WARN_UNUSED_VARIABLE = YES;
				IPHONEOS_DEPLOYMENT_TARGET = 16.0;
				MTL_ENABLE_DEBUG_INFO = INCLUDE_SOURCE;
				MTL_FAST_MATH = YES;
				ONLY_ACTIVE_ARCH = YES;
				SDKROOT = iphoneos;
				SWIFT_ACTIVE_COMPILATION_CONDITIONS = DEBUG;
				SWIFT_OPTIMIZATION_LEVEL = "-Onone";
			};
			name = Debug;
		};
		11EDDEB12981480000022A3D /* Release */ = {
			isa = XCBuildConfiguration;
			buildSettings = {
				ALWAYS_SEARCH_USER_PATHS = NO;
				CLANG_ANALYZER_NONNULL = YES;
				CLANG_ANALYZER_NUMBER_OBJECT_CONVERSION = YES_AGGRESSIVE;
				CLANG_CXX_LANGUAGE_STANDARD = "gnu++20";
				CLANG_ENABLE_MODULES = YES;
				CLANG_ENABLE_OBJC_ARC = YES;
				CLANG_ENABLE_OBJC_WEAK = YES;
				CLANG_WARN_BLOCK_CAPTURE_AUTORELEASING = YES;
				CLANG_WARN_BOOL_CONVERSION = YES;
				CLANG_WARN_COMMA = YES;
				CLANG_WARN_CONSTANT_CONVERSION = YES;
				CLANG_WARN_DEPRECATED_OBJC_IMPLEMENTATIONS = YES;
				CLANG_WARN_DIRECT_OBJC_ISA_USAGE = YES_ERROR;
				CLANG_WARN_DOCUMENTATION_COMMENTS = YES;
				CLANG_WARN_EMPTY_BODY = YES;
				CLANG_WARN_ENUM_CONVERSION = YES;
				CLANG_WARN_INFINITE_RECURSION = YES;
				CLANG_WARN_INT_CONVERSION = YES;
				CLANG_WARN_NON_LITERAL_NULL_CONVERSION = YES;
				CLANG_WARN_OBJC_IMPLICIT_RETAIN_SELF = YES;
				CLANG_WARN_OBJC_LITERAL_CONVERSION = YES;
				CLANG_WARN_OBJC_ROOT_CLASS = YES_ERROR;
				CLANG_WARN_QUOTED_INCLUDE_IN_FRAMEWORK_HEADER = YES;
				CLANG_WARN_RANGE_LOOP_ANALYSIS = YES;
				CLANG_WARN_STRICT_PROTOTYPES = YES;
				CLANG_WARN_SUSPICIOUS_MOVE = YES;
				CLANG_WARN_UNGUARDED_AVAILABILITY = YES_AGGRESSIVE;
				CLANG_WARN_UNREACHABLE_CODE = YES;
				CLANG_WARN__DUPLICATE_METHOD_MATCH = YES;
				COPY_PHASE_STRIP = NO;
				DEBUG_INFORMATION_FORMAT = "dwarf-with-dsym";
				ENABLE_NS_ASSERTIONS = NO;
				ENABLE_STRICT_OBJC_MSGSEND = YES;
				GCC_C_LANGUAGE_STANDARD = gnu11;
				GCC_NO_COMMON_BLOCKS = YES;
				GCC_WARN_64_TO_32_BIT_CONVERSION = YES;
				GCC_WARN_ABOUT_RETURN_TYPE = YES_ERROR;
				GCC_WARN_UNDECLARED_SELECTOR = YES;
				GCC_WARN_UNINITIALIZED_AUTOS = YES_AGGRESSIVE;
				GCC_WARN_UNUSED_FUNCTION = YES;
				GCC_WARN_UNUSED_VARIABLE = YES;
				IPHONEOS_DEPLOYMENT_TARGET = 16.0;
				MTL_ENABLE_DEBUG_INFO = NO;
				MTL_FAST_MATH = YES;
				SDKROOT = iphoneos;
				SWIFT_COMPILATION_MODE = wholemodule;
				SWIFT_OPTIMIZATION_LEVEL = "-O";
				VALIDATE_PRODUCT = YES;
			};
			name = Release;
		};
		11EDDEB32981480000022A3D /* Debug */ = {
			isa = XCBuildConfiguration;
			buildSettings = {
				ASSETCATALOG_COMPILER_APPICON_NAME = AppIcon;
				ASSETCATALOG_COMPILER_GLOBAL_ACCENT_COLOR_NAME = AccentColor;
				CODE_SIGN_STYLE = Automatic;
				CURRENT_PROJECT_VERSION = 1;
				DEVELOPMENT_TEAM = T422XL89ZA;
				GENERATE_INFOPLIST_FILE = YES;
				INFOPLIST_FILE = Quezzy/Info.plist;
				INFOPLIST_KEY_UIApplicationSupportsIndirectInputEvents = YES;
				INFOPLIST_KEY_UILaunchStoryboardName = LaunchScreen;
				INFOPLIST_KEY_UISupportedInterfaceOrientations = UIInterfaceOrientationPortrait;
				LD_RUNPATH_SEARCH_PATHS = (
					"$(inherited)",
					"@executable_path/Frameworks",
				);
				MARKETING_VERSION = 1.0;
				PRODUCT_BUNDLE_IDENTIFIER = com.aleksejevas.Quezzy;
				PRODUCT_NAME = "$(TARGET_NAME)";
				SWIFT_EMIT_LOC_STRINGS = YES;
				SWIFT_VERSION = 5.0;
				TARGETED_DEVICE_FAMILY = "1,2";
			};
			name = Debug;
		};
		11EDDEB42981480000022A3D /* Release */ = {
			isa = XCBuildConfiguration;
			buildSettings = {
				ASSETCATALOG_COMPILER_APPICON_NAME = AppIcon;
				ASSETCATALOG_COMPILER_GLOBAL_ACCENT_COLOR_NAME = AccentColor;
				CODE_SIGN_STYLE = Automatic;
				CURRENT_PROJECT_VERSION = 1;
				DEVELOPMENT_TEAM = T422XL89ZA;
				GENERATE_INFOPLIST_FILE = YES;
				INFOPLIST_FILE = Quezzy/Info.plist;
				INFOPLIST_KEY_UIApplicationSupportsIndirectInputEvents = YES;
				INFOPLIST_KEY_UILaunchStoryboardName = LaunchScreen;
				INFOPLIST_KEY_UISupportedInterfaceOrientations = UIInterfaceOrientationPortrait;
				LD_RUNPATH_SEARCH_PATHS = (
					"$(inherited)",
					"@executable_path/Frameworks",
				);
				MARKETING_VERSION = 1.0;
				PRODUCT_BUNDLE_IDENTIFIER = com.aleksejevas.Quezzy;
				PRODUCT_NAME = "$(TARGET_NAME)";
				SWIFT_EMIT_LOC_STRINGS = YES;
				SWIFT_VERSION = 5.0;
				TARGETED_DEVICE_FAMILY = "1,2";
			};
			name = Release;
		};
/* End XCBuildConfiguration section */

/* Begin XCConfigurationList section */
		11EDDE99298147FE00022A3D /* Build configuration list for PBXProject "Quezzy" */ = {
			isa = XCConfigurationList;
			buildConfigurations = (
				11EDDEB02981480000022A3D /* Debug */,
				11EDDEB12981480000022A3D /* Release */,
			);
			defaultConfigurationIsVisible = 0;
			defaultConfigurationName = Release;
		};
		11EDDEB22981480000022A3D /* Build configuration list for PBXNativeTarget "Quezzy" */ = {
			isa = XCConfigurationList;
			buildConfigurations = (
				11EDDEB32981480000022A3D /* Debug */,
				11EDDEB42981480000022A3D /* Release */,
			);
			defaultConfigurationIsVisible = 0;
			defaultConfigurationName = Release;
		};
/* End XCConfigurationList section */
	};
	rootObject = 11EDDE96298147FE00022A3D /* Project object */;
}
